
Microsoft Visual Studio Solution File, Format Version 12.00
# Visual Studio Version 16
VisualStudioVersion = 16.0.30804.86
MinimumVisualStudioVersion = 10.0.40219.1
Project("{9A19103F-16F7-4668-BE54-9A1E7A4F7556}") = "Practice1NUnit", "NUnitTestProject\Practice1NUnit.csproj", "{1C28AF94-D9F5-4727-8979-79E30C54FBEC}"
EndProject
Project("{9A19103F-16F7-4668-BE54-9A1E7A4F7556}") = "MyFunction", "MyFunction\MyFunction.csproj", "{E4AD70FF-3C57-4675-BE84-50D643D71162}"
EndProject
Project("{9A19103F-16F7-4668-BE54-9A1E7A4F7556}") = "Practice1MsTest", "Practice1MsTest\Practice1MsTest.csproj", "{720ADF3F-40B7-4EB1-BF31-99C1269D818F}"
EndProject
Project("{9A19103F-16F7-4668-BE54-9A1E7A4F7556}") = "Practice1xUnit", "Practice1xUnit\Practice1xUnit.csproj", "{46C4CF9E-BBD9-4F9F-A01D-3C2F9FE0D64D}"
EndProject
Project("{FAE04EC0-301F-11D3-BF4B-00C04F79EFBC}") = "GoogleDriveAPI", "GoogleDriveAPI\GoogleDriveAPI.csproj", "{698870A6-428A-4467-B9F9-E07D368B6DE9}"
EndProject
Global
	GlobalSection(SolutionConfigurationPlatforms) = preSolution
		Debug|Any CPU = Debug|Any CPU
		Release|Any CPU = Release|Any CPU
	EndGlobalSection
	GlobalSection(ProjectConfigurationPlatforms) = postSolution
		{1C28AF94-D9F5-4727-8979-79E30C54FBEC}.Debug|Any CPU.ActiveCfg = Debug|Any CPU
		{1C28AF94-D9F5-4727-8979-79E30C54FBEC}.Debug|Any CPU.Build.0 = Debug|Any CPU
		{1C28AF94-D9F5-4727-8979-79E30C54FBEC}.Release|Any CPU.ActiveCfg = Release|Any CPU
		{1C28AF94-D9F5-4727-8979-79E30C54FBEC}.Release|Any CPU.Build.0 = Release|Any CPU
		{E4AD70FF-3C57-4675-BE84-50D643D71162}.Debug|Any CPU.ActiveCfg = Debug|Any CPU
		{E4AD70FF-3C57-4675-BE84-50D643D71162}.Debug|Any CPU.Build.0 = Debug|Any CPU
		{E4AD70FF-3C57-4675-BE84-50D643D71162}.Release|Any CPU.ActiveCfg = Release|Any CPU
		{E4AD70FF-3C57-4675-BE84-50D643D71162}.Release|Any CPU.Build.0 = Release|Any CPU
		{720ADF3F-40B7-4EB1-BF31-99C1269D818F}.Debug|Any CPU.ActiveCfg = Debug|Any CPU
		{720ADF3F-40B7-4EB1-BF31-99C1269D818F}.Debug|Any CPU.Build.0 = Debug|Any CPU
		{720ADF3F-40B7-4EB1-BF31-99C1269D818F}.Release|Any CPU.ActiveCfg = Release|Any CPU
		{720ADF3F-40B7-4EB1-BF31-99C1269D818F}.Release|Any CPU.Build.0 = Release|Any CPU
		{46C4CF9E-BBD9-4F9F-A01D-3C2F9FE0D64D}.Debug|Any CPU.ActiveCfg = Debug|Any CPU
		{46C4CF9E-BBD9-4F9F-A01D-3C2F9FE0D64D}.Debug|Any CPU.Build.0 = Debug|Any CPU
		{46C4CF9E-BBD9-4F9F-A01D-3C2F9FE0D64D}.Release|Any CPU.ActiveCfg = Release|Any CPU
		{46C4CF9E-BBD9-4F9F-A01D-3C2F9FE0D64D}.Release|Any CPU.Build.0 = Release|Any CPU
		{698870A6-428A-4467-B9F9-E07D368B6DE9}.Debug|Any CPU.ActiveCfg = Debug|Any CPU
		{698870A6-428A-4467-B9F9-E07D368B6DE9}.Debug|Any CPU.Build.0 = Debug|Any CPU
		{698870A6-428A-4467-B9F9-E07D368B6DE9}.Release|Any CPU.ActiveCfg = Release|Any CPU
		{698870A6-428A-4467-B9F9-E07D368B6DE9}.Release|Any CPU.Build.0 = Release|Any CPU
	EndGlobalSection
	GlobalSection(SolutionProperties) = preSolution
		HideSolutionNode = FALSE
	EndGlobalSection
	GlobalSection(ExtensibilityGlobals) = postSolution
		SolutionGuid = {EE0D4DA4-BE8E-401F-AA65-8C53FC9C072B}
	EndGlobalSection
EndGlobal
